
Microsoft Visual Studio Solution File, Format Version 12.00
# Visual Studio Version 16
VisualStudioVersion = 16.0.30611.23
MinimumVisualStudioVersion = 10.0.40219.1
Project("{FAE04EC0-301F-11D3-BF4B-00C04F79EFBC}") = "App2.Android", "App2\App2.Android\App2.Android.csproj", "{F05ED061-A1CB-4AA8-B035-4ABD4ED51F0A}"
EndProject
Project("{FAE04EC0-301F-11D3-BF4B-00C04F79EFBC}") = "App2", "App2\App2\App2.csproj", "{6BFA75B3-14D0-4F9E-9433-9DE08E01C242}"
EndProject
Global
	GlobalSection(SolutionConfigurationPlatforms) = preSolution
		Debug|Any CPU = Debug|Any CPU
		Release|Any CPU = Release|Any CPU
	EndGlobalSection
	GlobalSection(ProjectConfigurationPlatforms) = postSolution
		{F05ED061-A1CB-4AA8-B035-4ABD4ED51F0A}.Debug|Any CPU.ActiveCfg = Debug|Any CPU
		{F05ED061-A1CB-4AA8-B035-4ABD4ED51F0A}.Debug|Any CPU.Build.0 = Debug|Any CPU
		{F05ED061-A1CB-4AA8-B035-4ABD4ED51F0A}.Debug|Any CPU.Deploy.0 = Debug|Any CPU
		{F05ED061-A1CB-4AA8-B035-4ABD4ED51F0A}.Release|Any CPU.ActiveCfg = Release|Any CPU
		{F05ED061-A1CB-4AA8-B035-4ABD4ED51F0A}.Release|Any CPU.Build.0 = Release|Any CPU
		{F05ED061-A1CB-4AA8-B035-4ABD4ED51F0A}.Release|Any CPU.Deploy.0 = Release|Any CPU
		{6BFA75B3-14D0-4F9E-9433-9DE08E01C242}.Debug|Any CPU.ActiveCfg = Debug|Any CPU
		{6BFA75B3-14D0-4F9E-9433-9DE08E01C242}.Debug|Any CPU.Build.0 = Debug|Any CPU
		{6BFA75B3-14D0-4F9E-9433-9DE08E01C242}.Release|Any CPU.ActiveCfg = Release|Any CPU
		{6BFA75B3-14D0-4F9E-9433-9DE08E01C242}.Release|Any CPU.Build.0 = Release|Any CPU
	EndGlobalSection
	GlobalSection(SolutionProperties) = preSolution
		HideSolutionNode = FALSE
	EndGlobalSection
	GlobalSection(ExtensibilityGlobals) = postSolution
		SolutionGuid = {5EE3453C-CBA5-44F7-9CC8-9342E49B38EE}
	EndGlobalSection
EndGlobal
